
Microsoft Visual Studio Solution File, Format Version 12.00
# Visual Studio Version 17
VisualStudioVersion = 17.0.31903.59
MinimumVisualStudioVersion = 10.0.40219.1
Project("{FAE04EC0-301F-11D3-BF4B-00C04F79EFBC}") = "TestGraphQL", "TestGraphQL\TestGraphQL.csproj", "{5E54DCD6-6854-4982-8500-1E47291464C0}"
EndProject
Global
	GlobalSection(SolutionConfigurationPlatforms) = preSolution
		Debug|Any CPU = Debug|Any CPU
		Release|Any CPU = Release|Any CPU
	EndGlobalSection
	GlobalSection(ProjectConfigurationPlatforms) = postSolution
		{5E54DCD6-6854-4982-8500-1E47291464C0}.Debug|Any CPU.ActiveCfg = Debug|Any CPU
		{5E54DCD6-6854-4982-8500-1E47291464C0}.Debug|Any CPU.Build.0 = Debug|Any CPU
		{5E54DCD6-6854-4982-8500-1E47291464C0}.Release|Any CPU.ActiveCfg = Release|Any CPU
		{5E54DCD6-6854-4982-8500-1E47291464C0}.Release|Any CPU.Build.0 = Release|Any CPU
	EndGlobalSection
	GlobalSection(SolutionProperties) = preSolution
		HideSolutionNode = FALSE
	EndGlobalSection
	GlobalSection(ExtensibilityGlobals) = postSolution
		SolutionGuid = {B27BD8EC-BBFC-40EC-BC95-11D5223960EB}
	EndGlobalSection
EndGlobal
